
Microsoft Visual Studio Solution File, Format Version 12.00
# Visual Studio Version 16
VisualStudioVersion = 16.0.31112.23
MinimumVisualStudioVersion = 10.0.40219.1
Project("{FAE04EC0-301F-11D3-BF4B-00C04F79EFBC}") = "DocsProcess", "DocsProcess.csproj", "{A7B94EA8-5F0C-4F17-9C1B-1140E50C6E44}"
EndProject
Global
	GlobalSection(SolutionConfigurationPlatforms) = preSolution
		Debug|Any CPU = Debug|Any CPU
		Release|Any CPU = Release|Any CPU
	EndGlobalSection
	GlobalSection(ProjectConfigurationPlatforms) = postSolution
		{A7B94EA8-5F0C-4F17-9C1B-1140E50C6E44}.Debug|Any CPU.ActiveCfg = Debug|Any CPU
		{A7B94EA8-5F0C-4F17-9C1B-1140E50C6E44}.Debug|Any CPU.Build.0 = Debug|Any CPU
		{A7B94EA8-5F0C-4F17-9C1B-1140E50C6E44}.Release|Any CPU.ActiveCfg = Release|Any CPU
		{A7B94EA8-5F0C-4F17-9C1B-1140E50C6E44}.Release|Any CPU.Build.0 = Release|Any CPU
	EndGlobalSection
	GlobalSection(SolutionProperties) = preSolution
		HideSolutionNode = FALSE
	EndGlobalSection
	GlobalSection(ExtensibilityGlobals) = postSolution
		SolutionGuid = {CD5D2CCF-6413-4AFB-B559-FEA9729C755C}
	EndGlobalSection
EndGlobal
