
Microsoft Visual Studio Solution File, Format Version 12.00
# Visual Studio Version 17
VisualStudioVersion = 17.8.34408.163
MinimumVisualStudioVersion = 10.0.40219.1
Project("{FAE04EC0-301F-11D3-BF4B-00C04F79EFBC}") = "BillingProcessor", "BillingProcessor\BillingProcessor.csproj", "{0EA9E3E5-FB14-4F2D-BAEF-78409DF3B7E1}"
EndProject
Project("{FAE04EC0-301F-11D3-BF4B-00C04F79EFBC}") = "MkCommunication", "MkCommunication\MkCommunication.csproj", "{3DF6C901-1FAD-4FE2-B2DE-751B78D417B7}"
EndProject
Project("{FAE04EC0-301F-11D3-BF4B-00C04F79EFBC}") = "CollectionProcessor", "CollectionProcessor\CollectionProcessor.csproj", "{F7C09945-BE1B-4A69-B57E-276ED3C669D2}"
EndProject
Project("{FAE04EC0-301F-11D3-BF4B-00C04F79EFBC}") = "MailProcessor", "EMAILProcessor\MailProcessor.csproj", "{EB73BC99-E0A4-4BD8-BA64-1723A93AD3F2}"
EndProject
Project("{FAE04EC0-301F-11D3-BF4B-00C04F79EFBC}") = "BkashDailyProcessor", "BKashDailyProcessor\BkashDailyProcessor.csproj", "{3575917C-5E0F-4694-9C26-91C6D4E19731}"
EndProject
Project("{FAE04EC0-301F-11D3-BF4B-00C04F79EFBC}") = "CustomerEnableDisable", "CustomerEnableDisable\CustomerEnableDisable.csproj", "{EB0598F1-ADA4-4140-A875-9CDB0C04B65C}"
EndProject
Project("{FAE04EC0-301F-11D3-BF4B-00C04F79EFBC}") = "BillingProcessorManual", "BillingProcessorManual\BillingProcessorManual.csproj", "{CFCF6AB3-0E5D-44BD-910A-5069F30E8F1B}"
EndProject
Project("{FAE04EC0-301F-11D3-BF4B-00C04F79EFBC}") = "ReveProcessor", "ReveProcessor\ReveProcessor.csproj", "{78190BAB-C2AF-42C2-9996-08813E4F64BB}"
EndProject
Project("{FAE04EC0-301F-11D3-BF4B-00C04F79EFBC}") = "SMSProcessor", "SMSProcessor\SMSProcessor.csproj", "{2B9964BA-66BA-436A-BC8C-BC9B9AB791A0}"
EndProject
Project("{FAE04EC0-301F-11D3-BF4B-00C04F79EFBC}") = "MikrotikBulkProcessor", "MikrotikBulkProcessor\MikrotikBulkProcessor.csproj", "{45DF2322-8B2C-4109-B41F-E8355C717670}"
EndProject
Project("{FAE04EC0-301F-11D3-BF4B-00C04F79EFBC}") = "CustomerDocumentProcess", "DocsProcess\CustomerDocumentProcess.csproj", "{A7B94EA8-5F0C-4F17-9C1B-1140E50C6E44}"
EndProject
Project("{FAE04EC0-301F-11D3-BF4B-00C04F79EFBC}") = "ProcessorServiceManager", "ProcessorServiceManager\ProcessorServiceManager.csproj", "{C5B04BAB-0CC7-49CE-B5D7-43EDB2486DAB}"
EndProject
Project("{54435603-DBB4-11D2-8724-00A0C9A8B90C}") = "ProcessorServiceSetup", "ProcessorServiceSetup\ProcessorServiceSetup.vdproj", "{370F6EE6-E692-4821-96C1-CBE74ABE1DDD}"
EndProject
Project("{FAE04EC0-301F-11D3-BF4B-00C04F79EFBC}") = "ProccessorLib", "ProccessorLib\ProccessorLib.csproj", "{228F2304-4706-41E8-B64F-EBAB7D36D006}"
EndProject
Project("{2150E333-8FDC-42A3-9474-1A3956D46DE8}") = "Service", "Service", "{607A54A1-C1D8-4015-B7A0-B00D02CAF6FA}"
EndProject
Project("{2150E333-8FDC-42A3-9474-1A3956D46DE8}") = "Processors", "Processors", "{0F9C5841-8DE6-4C1F-840B-F0C0F35BD70E}"
EndProject
Project("{2150E333-8FDC-42A3-9474-1A3956D46DE8}") = "Lib", "Lib", "{7D87EA75-97B5-4DE4-8F1C-2FAC56B0AA86}"
EndProject
Project("{2150E333-8FDC-42A3-9474-1A3956D46DE8}") = "OtherProcessors", "OtherProcessors", "{257AAADE-3B5A-4AC2-99AB-EB5977A994CC}"
EndProject
Project("{FAE04EC0-301F-11D3-BF4B-00C04F79EFBC}") = "DocTimeProcessor", "DocTimeProcessor\DocTimeProcessor.csproj", "{ABA18487-D6E8-435B-B47B-67B4C5A0D753}"
EndProject
Project("{FAE04EC0-301F-11D3-BF4B-00C04F79EFBC}") = "OTP_SMSProcessor", "OTPSMSProcessor\OTP_SMSProcessor.csproj", "{2F9D0F5C-901B-42B1-8A61-56F7A97701EA}"
EndProject
Project("{FAE04EC0-301F-11D3-BF4B-00C04F79EFBC}") = "FollowUpMailProcessor", "FollowUpMailProcessor\FollowUpMailProcessor.csproj", "{EF1AA4DB-EF56-4117-A0B2-834144269094}"
EndProject
Project("{FAE04EC0-301F-11D3-BF4B-00C04F79EFBC}") = "PackageChangeProcessor", "PackageChangeProcessor\PackageChangeProcessor.csproj", "{769056C7-F8AD-41D0-9240-0FF108CD0C0F}"
EndProject
Global
	GlobalSection(SolutionConfigurationPlatforms) = preSolution
		Debug|Any CPU = Debug|Any CPU
		Release|Any CPU = Release|Any CPU
	EndGlobalSection
	GlobalSection(ProjectConfigurationPlatforms) = postSolution
		{0EA9E3E5-FB14-4F2D-BAEF-78409DF3B7E1}.Debug|Any CPU.ActiveCfg = Debug|Any CPU
		{0EA9E3E5-FB14-4F2D-BAEF-78409DF3B7E1}.Debug|Any CPU.Build.0 = Debug|Any CPU
		{0EA9E3E5-FB14-4F2D-BAEF-78409DF3B7E1}.Release|Any CPU.ActiveCfg = Release|Any CPU
		{0EA9E3E5-FB14-4F2D-BAEF-78409DF3B7E1}.Release|Any CPU.Build.0 = Release|Any CPU
		{3DF6C901-1FAD-4FE2-B2DE-751B78D417B7}.Debug|Any CPU.ActiveCfg = Debug|Any CPU
		{3DF6C901-1FAD-4FE2-B2DE-751B78D417B7}.Debug|Any CPU.Build.0 = Debug|Any CPU
		{3DF6C901-1FAD-4FE2-B2DE-751B78D417B7}.Release|Any CPU.ActiveCfg = Release|Any CPU
		{3DF6C901-1FAD-4FE2-B2DE-751B78D417B7}.Release|Any CPU.Build.0 = Release|Any CPU
		{F7C09945-BE1B-4A69-B57E-276ED3C669D2}.Debug|Any CPU.ActiveCfg = Debug|Any CPU
		{F7C09945-BE1B-4A69-B57E-276ED3C669D2}.Debug|Any CPU.Build.0 = Debug|Any CPU
		{F7C09945-BE1B-4A69-B57E-276ED3C669D2}.Release|Any CPU.ActiveCfg = Release|Any CPU
		{F7C09945-BE1B-4A69-B57E-276ED3C669D2}.Release|Any CPU.Build.0 = Release|Any CPU
		{EB73BC99-E0A4-4BD8-BA64-1723A93AD3F2}.Debug|Any CPU.ActiveCfg = Debug|Any CPU
		{EB73BC99-E0A4-4BD8-BA64-1723A93AD3F2}.Debug|Any CPU.Build.0 = Debug|Any CPU
		{EB73BC99-E0A4-4BD8-BA64-1723A93AD3F2}.Release|Any CPU.ActiveCfg = Release|Any CPU
		{EB73BC99-E0A4-4BD8-BA64-1723A93AD3F2}.Release|Any CPU.Build.0 = Release|Any CPU
		{3575917C-5E0F-4694-9C26-91C6D4E19731}.Debug|Any CPU.ActiveCfg = Debug|Any CPU
		{3575917C-5E0F-4694-9C26-91C6D4E19731}.Debug|Any CPU.Build.0 = Debug|Any CPU
		{3575917C-5E0F-4694-9C26-91C6D4E19731}.Release|Any CPU.ActiveCfg = Release|Any CPU
		{3575917C-5E0F-4694-9C26-91C6D4E19731}.Release|Any CPU.Build.0 = Release|Any CPU
		{EB0598F1-ADA4-4140-A875-9CDB0C04B65C}.Debug|Any CPU.ActiveCfg = Debug|Any CPU
		{EB0598F1-ADA4-4140-A875-9CDB0C04B65C}.Debug|Any CPU.Build.0 = Debug|Any CPU
		{EB0598F1-ADA4-4140-A875-9CDB0C04B65C}.Release|Any CPU.ActiveCfg = Release|Any CPU
		{EB0598F1-ADA4-4140-A875-9CDB0C04B65C}.Release|Any CPU.Build.0 = Release|Any CPU
		{CFCF6AB3-0E5D-44BD-910A-5069F30E8F1B}.Debug|Any CPU.ActiveCfg = Debug|Any CPU
		{CFCF6AB3-0E5D-44BD-910A-5069F30E8F1B}.Debug|Any CPU.Build.0 = Debug|Any CPU
		{CFCF6AB3-0E5D-44BD-910A-5069F30E8F1B}.Release|Any CPU.ActiveCfg = Release|Any CPU
		{CFCF6AB3-0E5D-44BD-910A-5069F30E8F1B}.Release|Any CPU.Build.0 = Release|Any CPU
		{78190BAB-C2AF-42C2-9996-08813E4F64BB}.Debug|Any CPU.ActiveCfg = Debug|Any CPU
		{78190BAB-C2AF-42C2-9996-08813E4F64BB}.Debug|Any CPU.Build.0 = Debug|Any CPU
		{78190BAB-C2AF-42C2-9996-08813E4F64BB}.Release|Any CPU.ActiveCfg = Release|Any CPU
		{78190BAB-C2AF-42C2-9996-08813E4F64BB}.Release|Any CPU.Build.0 = Release|Any CPU
		{2B9964BA-66BA-436A-BC8C-BC9B9AB791A0}.Debug|Any CPU.ActiveCfg = Debug|Any CPU
		{2B9964BA-66BA-436A-BC8C-BC9B9AB791A0}.Debug|Any CPU.Build.0 = Debug|Any CPU
		{2B9964BA-66BA-436A-BC8C-BC9B9AB791A0}.Release|Any CPU.ActiveCfg = Release|Any CPU
		{2B9964BA-66BA-436A-BC8C-BC9B9AB791A0}.Release|Any CPU.Build.0 = Release|Any CPU
		{45DF2322-8B2C-4109-B41F-E8355C717670}.Debug|Any CPU.ActiveCfg = Debug|Any CPU
		{45DF2322-8B2C-4109-B41F-E8355C717670}.Debug|Any CPU.Build.0 = Debug|Any CPU
		{45DF2322-8B2C-4109-B41F-E8355C717670}.Release|Any CPU.ActiveCfg = Release|Any CPU
		{45DF2322-8B2C-4109-B41F-E8355C717670}.Release|Any CPU.Build.0 = Release|Any CPU
		{A7B94EA8-5F0C-4F17-9C1B-1140E50C6E44}.Debug|Any CPU.ActiveCfg = Debug|Any CPU
		{A7B94EA8-5F0C-4F17-9C1B-1140E50C6E44}.Debug|Any CPU.Build.0 = Debug|Any CPU
		{A7B94EA8-5F0C-4F17-9C1B-1140E50C6E44}.Release|Any CPU.ActiveCfg = Release|Any CPU
		{A7B94EA8-5F0C-4F17-9C1B-1140E50C6E44}.Release|Any CPU.Build.0 = Release|Any CPU
		{C5B04BAB-0CC7-49CE-B5D7-43EDB2486DAB}.Debug|Any CPU.ActiveCfg = Debug|Any CPU
		{C5B04BAB-0CC7-49CE-B5D7-43EDB2486DAB}.Debug|Any CPU.Build.0 = Debug|Any CPU
		{C5B04BAB-0CC7-49CE-B5D7-43EDB2486DAB}.Release|Any CPU.ActiveCfg = Release|Any CPU
		{C5B04BAB-0CC7-49CE-B5D7-43EDB2486DAB}.Release|Any CPU.Build.0 = Release|Any CPU
		{370F6EE6-E692-4821-96C1-CBE74ABE1DDD}.Debug|Any CPU.ActiveCfg = Debug
		{370F6EE6-E692-4821-96C1-CBE74ABE1DDD}.Release|Any CPU.ActiveCfg = Release
		{228F2304-4706-41E8-B64F-EBAB7D36D006}.Debug|Any CPU.ActiveCfg = Debug|Any CPU
		{228F2304-4706-41E8-B64F-EBAB7D36D006}.Debug|Any CPU.Build.0 = Debug|Any CPU
		{228F2304-4706-41E8-B64F-EBAB7D36D006}.Release|Any CPU.ActiveCfg = Release|Any CPU
		{228F2304-4706-41E8-B64F-EBAB7D36D006}.Release|Any CPU.Build.0 = Release|Any CPU
		{ABA18487-D6E8-435B-B47B-67B4C5A0D753}.Debug|Any CPU.ActiveCfg = Debug|Any CPU
		{ABA18487-D6E8-435B-B47B-67B4C5A0D753}.Debug|Any CPU.Build.0 = Debug|Any CPU
		{ABA18487-D6E8-435B-B47B-67B4C5A0D753}.Release|Any CPU.ActiveCfg = Release|Any CPU
		{ABA18487-D6E8-435B-B47B-67B4C5A0D753}.Release|Any CPU.Build.0 = Release|Any CPU
		{2F9D0F5C-901B-42B1-8A61-56F7A97701EA}.Debug|Any CPU.ActiveCfg = Debug|Any CPU
		{2F9D0F5C-901B-42B1-8A61-56F7A97701EA}.Debug|Any CPU.Build.0 = Debug|Any CPU
		{2F9D0F5C-901B-42B1-8A61-56F7A97701EA}.Release|Any CPU.ActiveCfg = Release|Any CPU
		{2F9D0F5C-901B-42B1-8A61-56F7A97701EA}.Release|Any CPU.Build.0 = Release|Any CPU
		{EF1AA4DB-EF56-4117-A0B2-834144269094}.Debug|Any CPU.ActiveCfg = Debug|Any CPU
		{EF1AA4DB-EF56-4117-A0B2-834144269094}.Debug|Any CPU.Build.0 = Debug|Any CPU
		{EF1AA4DB-EF56-4117-A0B2-834144269094}.Release|Any CPU.ActiveCfg = Release|Any CPU
		{EF1AA4DB-EF56-4117-A0B2-834144269094}.Release|Any CPU.Build.0 = Release|Any CPU
		{769056C7-F8AD-41D0-9240-0FF108CD0C0F}.Debug|Any CPU.ActiveCfg = Debug|Any CPU
		{769056C7-F8AD-41D0-9240-0FF108CD0C0F}.Debug|Any CPU.Build.0 = Debug|Any CPU
		{769056C7-F8AD-41D0-9240-0FF108CD0C0F}.Release|Any CPU.ActiveCfg = Release|Any CPU
		{769056C7-F8AD-41D0-9240-0FF108CD0C0F}.Release|Any CPU.Build.0 = Release|Any CPU
	EndGlobalSection
	GlobalSection(SolutionProperties) = preSolution
		HideSolutionNode = FALSE
	EndGlobalSection
	GlobalSection(NestedProjects) = preSolution
		{0EA9E3E5-FB14-4F2D-BAEF-78409DF3B7E1} = {0F9C5841-8DE6-4C1F-840B-F0C0F35BD70E}
		{3DF6C901-1FAD-4FE2-B2DE-751B78D417B7} = {7D87EA75-97B5-4DE4-8F1C-2FAC56B0AA86}
		{F7C09945-BE1B-4A69-B57E-276ED3C669D2} = {0F9C5841-8DE6-4C1F-840B-F0C0F35BD70E}
		{EB73BC99-E0A4-4BD8-BA64-1723A93AD3F2} = {0F9C5841-8DE6-4C1F-840B-F0C0F35BD70E}
		{3575917C-5E0F-4694-9C26-91C6D4E19731} = {0F9C5841-8DE6-4C1F-840B-F0C0F35BD70E}
		{EB0598F1-ADA4-4140-A875-9CDB0C04B65C} = {257AAADE-3B5A-4AC2-99AB-EB5977A994CC}
		{CFCF6AB3-0E5D-44BD-910A-5069F30E8F1B} = {257AAADE-3B5A-4AC2-99AB-EB5977A994CC}
		{78190BAB-C2AF-42C2-9996-08813E4F64BB} = {0F9C5841-8DE6-4C1F-840B-F0C0F35BD70E}
		{2B9964BA-66BA-436A-BC8C-BC9B9AB791A0} = {0F9C5841-8DE6-4C1F-840B-F0C0F35BD70E}
		{45DF2322-8B2C-4109-B41F-E8355C717670} = {0F9C5841-8DE6-4C1F-840B-F0C0F35BD70E}
		{A7B94EA8-5F0C-4F17-9C1B-1140E50C6E44} = {257AAADE-3B5A-4AC2-99AB-EB5977A994CC}
		{C5B04BAB-0CC7-49CE-B5D7-43EDB2486DAB} = {607A54A1-C1D8-4015-B7A0-B00D02CAF6FA}
		{370F6EE6-E692-4821-96C1-CBE74ABE1DDD} = {607A54A1-C1D8-4015-B7A0-B00D02CAF6FA}
		{228F2304-4706-41E8-B64F-EBAB7D36D006} = {7D87EA75-97B5-4DE4-8F1C-2FAC56B0AA86}
		{ABA18487-D6E8-435B-B47B-67B4C5A0D753} = {0F9C5841-8DE6-4C1F-840B-F0C0F35BD70E}
		{2F9D0F5C-901B-42B1-8A61-56F7A97701EA} = {0F9C5841-8DE6-4C1F-840B-F0C0F35BD70E}
		{EF1AA4DB-EF56-4117-A0B2-834144269094} = {0F9C5841-8DE6-4C1F-840B-F0C0F35BD70E}
		{769056C7-F8AD-41D0-9240-0FF108CD0C0F} = {0F9C5841-8DE6-4C1F-840B-F0C0F35BD70E}
	EndGlobalSection
	GlobalSection(ExtensibilityGlobals) = postSolution
		SolutionGuid = {032BC80A-EC0F-48FF-9B12-28985FC9DB8A}
	EndGlobalSection
EndGlobal
